{
  "name": "neural-flexbox",
  "lockfileVersion": 3,
  "requires": true,
  "packages": {
    "": {
      "name": "neural-flexbox",
      "hasInstallScript": true,
      "license": "MIT",
      "workspaces": [
        "packages/core",
        "packages/training",
        "packages/benchmark",
        "apps/website"
      ],
      "dependencies": {
        "gpu-lexer": "0.0.2"
      },
      "devDependencies": {
        "playwright": "1.61.1"
      },
      "engines": {
        "node": ">=22"
      }
    },
    "apps/website": {
      "name": "@neural-flexbox/website",
      "version": "0.1.0",
      "license": "MIT"
    },
    "node_modules/@aaronvanston/neural-flexbox": {
      "resolved": "packages/core",
      "link": true
    },
    "node_modules/@neural-flexbox/benchmark": {
      "resolved": "packages/benchmark",
      "link": true
    },
    "node_modules/@neural-flexbox/training": {
      "resolved": "packages/training",
      "link": true
    },
    "node_modules/@neural-flexbox/website": {
      "resolved": "apps/website",
      "link": true
    },
    "node_modules/fsevents": {
      "version": "2.3.2",
      "resolved": "https://registry.npmjs.org/fsevents/-/fsevents-2.3.2.tgz",
      "integrity": "sha512-xiqMQR4xAeHTuB9uWm+fFRcIOgKBMiOBP+eXiyT7jsgVCq1bkVygt00oASowB7EdtpOHaaPgKt812P9ab+DDKA==",
      "dev": true,
      "hasInstallScript": true,
      "license": "MIT",
      "optional": true,
      "os": [
        "darwin"
      ],
      "engines": {
        "node": "^8.16.0 || ^10.6.0 || >=11.0.0"
      }
    },
    "node_modules/gpu-lexer": {
      "version": "0.0.2",
      "resolved": "https://registry.npmjs.org/gpu-lexer/-/gpu-lexer-0.0.2.tgz",
      "integrity": "sha512-Aa39PHOQrz6GoIOxhgQpWe3N2ci8yU1M9F8+7JoKhgcWOxydaMzrZJH3JVPR8j23v1tIDIykPH7wFfqaKOuCiw==",
      "license": "MIT"
    },
    "node_modules/playwright": {
      "version": "1.61.1",
      "resolved": "https://registry.npmjs.org/playwright/-/playwright-1.61.1.tgz",
      "integrity": "sha512-DWnY5o3YbLWK4GovuAVwpqL+1VwGNdUGrRr++8j8PtQQzvAVZUIMjKQ90fY689sEJZJBbZVw1rXaOKSTitkzPQ==",
      "dev": true,
      "license": "Apache-2.0",
      "dependencies": {
        "playwright-core": "1.61.1"
      },
      "bin": {
        "playwright": "cli.js"
      },
      "engines": {
        "node": ">=18"
      },
      "optionalDependencies": {
        "fsevents": "2.3.2"
      }
    },
    "node_modules/playwright-core": {
      "version": "1.61.1",
      "resolved": "https://registry.npmjs.org/playwright-core/-/playwright-core-1.61.1.tgz",
      "integrity": "sha512-h7Qlt6m4REp25qvIdvbDtVmD4LqVXfpRxhORv9L0jzETM05p4fuPJ3dKyuSXQxDSbXnmS79HAgi9589lGSpLkg==",
      "dev": true,
      "license": "Apache-2.0",
      "bin": {
        "playwright-core": "cli.js"
      },
      "engines": {
        "node": ">=18"
      }
    },
    "packages/benchmark": {
      "name": "@neural-flexbox/benchmark",
      "version": "0.1.0",
      "license": "MIT"
    },
    "packages/core": {
      "name": "@aaronvanston/neural-flexbox",
      "version": "0.1.0",
      "license": "MIT"
    },
    "packages/training": {
      "name": "@neural-flexbox/training",
      "version": "0.1.0",
      "license": "MIT"
    }
  }
}
